// !$*UTF8*$!
{
	archiveVersion = 1;
	classes = {
	};
	objectVersion = 46;
	objects = {

/* Begin PBXBuildFile section */
		68A9C7CE1CB5374D00C9E8D0 /* PopoverViewController.m in Sources */ = {isa = PBXBuildFile; fileRef = 68A9C7CC1CB5374D00C9E8D0 /* PopoverViewController.m */; };
		68A9C7CF1CB5374D00C9E8D0 /* PopoverViewController.xib in Resources */ = {isa = PBXBuildFile; fileRef = 68A9C7CD1CB5374D00C9E8D0 /* PopoverViewController.xib */; };
		DE29E4F51CB9F1C1009E63DB /* GHInputDefaultCellView.m in Sources */ = {isa = PBXBuildFile; fileRef = DE29E4F41CB9F1C1009E63DB /* GHInputDefaultCellView.m */; };
		DE29E4F81CB9F81A009E63DB /* GHDefaultManager.m in Sources */ = {isa = PBXBuildFile; fileRef = DE29E4F71CB9F81A009E63DB /* GHDefaultManager.m */; };
		DE4DEDB71D289F8C005E741F /* GHDefaultInfo.m in Sources */ = {isa = PBXBuildFile; fileRef = DE4DEDB61D289F8C005E741F /* GHDefaultInfo.m */; };
		DE6634851CB21552009EE247 /* AppDelegate.m in Sources */ = {isa = PBXBuildFile; fileRef = DE6634841CB21552009EE247 /* AppDelegate.m */; };
		DE6634881CB21552009EE247 /* main.m in Sources */ = {isa = PBXBuildFile; fileRef = DE6634871CB21552009EE247 /* main.m */; };
		DE66348A1CB21552009EE247 /* Assets.xcassets in Resources */ = {isa = PBXBuildFile; fileRef = DE6634891CB21552009EE247 /* Assets.xcassets */; };
		DE66348D1CB21552009EE247 /* MainMenu.xib in Resources */ = {isa = PBXBuildFile; fileRef = DE66348B1CB21552009EE247 /* MainMenu.xib */; };
		DE6634B31CB21890009EE247 /* AppKit.framework in Frameworks */ = {isa = PBXBuildFile; fileRef = DE6634B21CB21890009EE247 /* AppKit.framework */; };
		DE80AFFF1CB281C600821A0E /* ghost_dark_19.png in Resources */ = {isa = PBXBuildFile; fileRef = DE80AFFD1CB281C600821A0E /* ghost_dark_19.png */; };
		DE80B0001CB281C600821A0E /* ghost_light_19.png in Resources */ = {isa = PBXBuildFile; fileRef = DE80AFFE1CB281C600821A0E /* ghost_light_19.png */; };
		DEA3DB701D28BF8500274CA8 /* GHInputAddDefaultCellView.m in Sources */ = {isa = PBXBuildFile; fileRef = DEA3DB6F1D28BF8500274CA8 /* GHInputAddDefaultCellView.m */; };
/* End PBXBuildFile section */

/* Begin PBXContainerItemProxy section */
		DE6634941CB21552009EE247 /* PBXContainerItemProxy */ = {
			isa = PBXContainerItemProxy;
			containerPortal = DE6634781CB21551009EE247 /* Project object */;
			proxyType = 1;
			remoteGlobalIDString = DE66347F1CB21552009EE247;
			remoteInfo = GhostSKB;
		};
		DE66349F1CB21552009EE247 /* PBXContainerItemProxy */ = {
			isa = PBXContainerItemProxy;
			containerPortal = DE6634781CB21551009EE247 /* Project object */;
			proxyType = 1;
			remoteGlobalIDString = DE66347F1CB21552009EE247;
			remoteInfo = GhostSKB;
		};
/* End PBXContainerItemProxy section */

/* Begin PBXFileReference section */
		68A9C7CB1CB5374D00C9E8D0 /* PopoverViewController.h */ = {isa = PBXFileReference; fileEncoding = 4; lastKnownFileType = sourcecode.c.h; path = PopoverViewController.h; sourceTree = "<group>"; };
		68A9C7CC1CB5374D00C9E8D0 /* PopoverViewController.m */ = {isa = PBXFileReference; fileEncoding = 4; lastKnownFileType = sourcecode.c.objc; path = PopoverViewController.m; sourceTree = "<group>"; };
		68A9C7CD1CB5374D00C9E8D0 /* PopoverViewController.xib */ = {isa = PBXFileReference; fileEncoding = 4; lastKnownFileType = file.xib; path = PopoverViewController.xib; sourceTree = "<group>"; };
		DE29E4F31CB9F1C1009E63DB /* GHInputDefaultCellView.h */ = {isa = PBXFileReference; fileEncoding = 4; lastKnownFileType = sourcecode.c.h; path = GHInputDefaultCellView.h; sourceTree = "<group>"; };
		DE29E4F41CB9F1C1009E63DB /* GHInputDefaultCellView.m */ = {isa = PBXFileReference; fileEncoding = 4; lastKnownFileType = sourcecode.c.objc; path = GHInputDefaultCellView.m; sourceTree = "<group>"; };
		DE29E4F61CB9F81A009E63DB /* GHDefaultManager.h */ = {isa = PBXFileReference; fileEncoding = 4; lastKnownFileType = sourcecode.c.h; path = GHDefaultManager.h; sourceTree = "<group>"; };
		DE29E4F71CB9F81A009E63DB /* GHDefaultManager.m */ = {isa = PBXFileReference; fileEncoding = 4; lastKnownFileType = sourcecode.c.objc; path = GHDefaultManager.m; sourceTree = "<group>"; };
		DE4DEDB61D289F8C005E741F /* GHDefaultInfo.m */ = {isa = PBXFileReference; fileEncoding = 4; lastKnownFileType = sourcecode.c.objc; path = GHDefaultInfo.m; sourceTree = "<group>"; };
		DE4DEDB81D289FA1005E741F /* GHDefaultInfo.h */ = {isa = PBXFileReference; fileEncoding = 4; lastKnownFileType = sourcecode.c.h; path = GHDefaultInfo.h; sourceTree = "<group>"; };
		DE6634801CB21552009EE247 /* GhostSKB.app */ = {isa = PBXFileReference; explicitFileType = wrapper.application; includeInIndex = 0; path = GhostSKB.app; sourceTree = BUILT_PRODUCTS_DIR; };
		DE6634831CB21552009EE247 /* AppDelegate.h */ = {isa = PBXFileReference; lastKnownFileType = sourcecode.c.h; path = AppDelegate.h; sourceTree = "<group>"; };
		DE6634841CB21552009EE247 /* AppDelegate.m */ = {isa = PBXFileReference; lastKnownFileType = sourcecode.c.objc; path = AppDelegate.m; sourceTree = "<group>"; };
		DE6634871CB21552009EE247 /* main.m */ = {isa = PBXFileReference; lastKnownFileType = sourcecode.c.objc; path = main.m; sourceTree = "<group>"; };
		DE6634891CB21552009EE247 /* Assets.xcassets */ = {isa = PBXFileReference; lastKnownFileType = folder.assetcatalog; path = Assets.xcassets; sourceTree = "<group>"; };
		DE66348C1CB21552009EE247 /* Base */ = {isa = PBXFileReference; lastKnownFileType = file.xib; name = Base; path = Base.lproj/MainMenu.xib; sourceTree = "<group>"; };
		DE66348E1CB21552009EE247 /* Info.plist */ = {isa = PBXFileReference; lastKnownFileType = text.plist.xml; path = Info.plist; sourceTree = "<group>"; };
		DE6634931CB21552009EE247 /* GhostSKB.xctest */ = {isa = PBXFileReference; explicitFileType = wrapper.cfbundle; includeInIndex = 0; path = GhostSKB.xctest; sourceTree = BUILT_PRODUCTS_DIR; };
		DE66349E1CB21552009EE247 /* GhostSKB.xctest */ = {isa = PBXFileReference; explicitFileType = wrapper.cfbundle; includeInIndex = 0; path = GhostSKB.xctest; sourceTree = BUILT_PRODUCTS_DIR; };
		DE6634B21CB21890009EE247 /* AppKit.framework */ = {isa = PBXFileReference; lastKnownFileType = wrapper.framework; name = AppKit.framework; path = System/Library/Frameworks/AppKit.framework; sourceTree = SDKROOT; };
		DE80AFFD1CB281C600821A0E /* ghost_dark_19.png */ = {isa = PBXFileReference; lastKnownFileType = image.png; path = ghost_dark_19.png; sourceTree = "<group>"; };
		DE80AFFE1CB281C600821A0E /* ghost_light_19.png */ = {isa = PBXFileReference; lastKnownFileType = image.png; path = ghost_light_19.png; sourceTree = "<group>"; };
		DEA3DB6E1D28BF8500274CA8 /* GHInputAddDefaultCellView.h */ = {isa = PBXFileReference; fileEncoding = 4; lastKnownFileType = sourcecode.c.h; path = GHInputAddDefaultCellView.h; sourceTree = "<group>"; };
		DEA3DB6F1D28BF8500274CA8 /* GHInputAddDefaultCellView.m */ = {isa = PBXFileReference; fileEncoding = 4; lastKnownFileType = sourcecode.c.objc; path = GHInputAddDefaultCellView.m; sourceTree = "<group>"; };
/* End PBXFileReference section */

/* Begin PBXFrameworksBuildPhase section */
		DE66347D1CB21552009EE247 /* Frameworks */ = {
			isa = PBXFrameworksBuildPhase;
			buildActionMask = 2147483647;
			files = (
				DE6634B31CB21890009EE247 /* AppKit.framework in Frameworks */,
			);
			runOnlyForDeploymentPostprocessing = 0;
		};
		DE6634901CB21552009EE247 /* Frameworks */ = {
			isa = PBXFrameworksBuildPhase;
			buildActionMask = 2147483647;
			files = (
			);
			runOnlyForDeploymentPostprocessing = 0;
		};
		DE66349B1CB21552009EE247 /* Frameworks */ = {
			isa = PBXFrameworksBuildPhase;
			buildActionMask = 2147483647;
			files = (
			);
			runOnlyForDeploymentPostprocessing = 0;
		};
/* End PBXFrameworksBuildPhase section */

/* Begin PBXGroup section */
		DE6634771CB21551009EE247 = {
			isa = PBXGroup;
			children = (
				DEA3DB6E1D28BF8500274CA8 /* GHInputAddDefaultCellView.h */,
				DEA3DB6F1D28BF8500274CA8 /* GHInputAddDefaultCellView.m */,
				DE4DEDB81D289FA1005E741F /* GHDefaultInfo.h */,
				DE4DEDB61D289F8C005E741F /* GHDefaultInfo.m */,
				DE29E4F61CB9F81A009E63DB /* GHDefaultManager.h */,
				DE29E4F71CB9F81A009E63DB /* GHDefaultManager.m */,
				DE29E4F31CB9F1C1009E63DB /* GHInputDefaultCellView.h */,
				DE29E4F41CB9F1C1009E63DB /* GHInputDefaultCellView.m */,
				68A9C7CB1CB5374D00C9E8D0 /* PopoverViewController.h */,
				68A9C7CC1CB5374D00C9E8D0 /* PopoverViewController.m */,
				68A9C7CD1CB5374D00C9E8D0 /* PopoverViewController.xib */,
				DE80AFFD1CB281C600821A0E /* ghost_dark_19.png */,
				DE80AFFE1CB281C600821A0E /* ghost_light_19.png */,
				DE6634B21CB21890009EE247 /* AppKit.framework */,
				DE6634821CB21552009EE247 /* GhostSKB */,
				DE6634811CB21552009EE247 /* Products */,
			);
			sourceTree = "<group>";
		};
		DE6634811CB21552009EE247 /* Products */ = {
			isa = PBXGroup;
			children = (
				DE6634801CB21552009EE247 /* GhostSKB.app */,
				DE6634931CB21552009EE247 /* GhostSKB.xctest */,
				DE66349E1CB21552009EE247 /* GhostSKB.xctest */,
			);
			name = Products;
			sourceTree = "<group>";
		};
		DE6634821CB21552009EE247 /* GhostSKB */ = {
			isa = PBXGroup;
			children = (
				DE6634831CB21552009EE247 /* AppDelegate.h */,
				DE6634841CB21552009EE247 /* AppDelegate.m */,
				DE6634891CB21552009EE247 /* Assets.xcassets */,
				DE66348B1CB21552009EE247 /* MainMenu.xib */,
				DE66348E1CB21552009EE247 /* Info.plist */,
				DE6634861CB21552009EE247 /* Supporting Files */,
			);
			path = GhostSKB;
			sourceTree = "<group>";
		};
		DE6634861CB21552009EE247 /* Supporting Files */ = {
			isa = PBXGroup;
			children = (
				DE6634871CB21552009EE247 /* main.m */,
			);
			name = "Supporting Files";
			sourceTree = "<group>";
		};
/* End PBXGroup section */

/* Begin PBXNativeTarget section */
		DE66347F1CB21552009EE247 /* GhostSKB */ = {
			isa = PBXNativeTarget;
			buildConfigurationList = DE6634A71CB21552009EE247 /* Build configuration list for PBXNativeTarget "GhostSKB" */;
			buildPhases = (
				DE66347C1CB21552009EE247 /* Sources */,
				DE66347D1CB21552009EE247 /* Frameworks */,
				DE66347E1CB21552009EE247 /* Resources */,
			);
			buildRules = (
			);
			dependencies = (
			);
			name = GhostSKB;
			productName = GhostSKB;
			productReference = DE6634801CB21552009EE247 /* GhostSKB.app */;
			productType = "com.apple.product-type.application";
		};
		DE6634921CB21552009EE247 /* GhostSKBTests */ = {
			isa = PBXNativeTarget;
			buildConfigurationList = DE6634AA1CB21552009EE247 /* Build configuration list for PBXNativeTarget "GhostSKBTests" */;
			buildPhases = (
				DE66348F1CB21552009EE247 /* Sources */,
				DE6634901CB21552009EE247 /* Frameworks */,
				DE6634911CB21552009EE247 /* Resources */,
			);
			buildRules = (
			);
			dependencies = (
				DE6634951CB21552009EE247 /* PBXTargetDependency */,
			);
			name = GhostSKBTests;
			productName = GhostSKBTests;
			productReference = DE6634931CB21552009EE247 /* GhostSKB.xctest */;
			productType = "com.apple.product-type.bundle.unit-test";
		};
		DE66349D1CB21552009EE247 /* GhostSKBUITests */ = {
			isa = PBXNativeTarget;
			buildConfigurationList = DE6634AD1CB21552009EE247 /* Build configuration list for PBXNativeTarget "GhostSKBUITests" */;
			buildPhases = (
				DE66349A1CB21552009EE247 /* Sources */,
				DE66349B1CB21552009EE247 /* Frameworks */,
				DE66349C1CB21552009EE247 /* Resources */,
			);
			buildRules = (
			);
			dependencies = (
				DE6634A01CB21552009EE247 /* PBXTargetDependency */,
			);
			name = GhostSKBUITests;
			productName = GhostSKBUITests;
			productReference = DE66349E1CB21552009EE247 /* GhostSKB.xctest */;
			productType = "com.apple.product-type.bundle.ui-testing";
		};
/* End PBXNativeTarget section */

/* Begin PBXProject section */
		DE6634781CB21551009EE247 /* Project object */ = {
			isa = PBXProject;
			attributes = {
				LastUpgradeCheck = 0710;
				ORGANIZATIONNAME = "丁明信";
				TargetAttributes = {
					DE66347F1CB21552009EE247 = {
						CreatedOnToolsVersion = 7.1;
					};
					DE6634921CB21552009EE247 = {
						CreatedOnToolsVersion = 7.1;
						TestTargetID = DE66347F1CB21552009EE247;
					};
					DE66349D1CB21552009EE247 = {
						CreatedOnToolsVersion = 7.1;
						TestTargetID = DE66347F1CB21552009EE247;
					};
				};
			};
			buildConfigurationList = DE66347B1CB21551009EE247 /* Build configuration list for PBXProject "GhostSKB" */;
			compatibilityVersion = "Xcode 3.2";
			developmentRegion = English;
			hasScannedForEncodings = 0;
			knownRegions = (
				en,
				Base,
			);
			mainGroup = DE6634771CB21551009EE247;
			productRefGroup = DE6634811CB21552009EE247 /* Products */;
			projectDirPath = "";
			projectRoot = "";
			targets = (
				DE66347F1CB21552009EE247 /* GhostSKB */,
				DE6634921CB21552009EE247 /* GhostSKBTests */,
				DE66349D1CB21552009EE247 /* GhostSKBUITests */,
			);
		};
/* End PBXProject section */

/* Begin PBXResourcesBuildPhase section */
		DE66347E1CB21552009EE247 /* Resources */ = {
			isa = PBXResourcesBuildPhase;
			buildActionMask = 2147483647;
			files = (
				DE66348A1CB21552009EE247 /* Assets.xcassets in Resources */,
				DE80B0001CB281C600821A0E /* ghost_light_19.png in Resources */,
				DE66348D1CB21552009EE247 /* MainMenu.xib in Resources */,
				DE80AFFF1CB281C600821A0E /* ghost_dark_19.png in Resources */,
				68A9C7CF1CB5374D00C9E8D0 /* PopoverViewController.xib in Resources */,
			);
			runOnlyForDeploymentPostprocessing = 0;
		};
		DE6634911CB21552009EE247 /* Resources */ = {
			isa = PBXResourcesBuildPhase;
			buildActionMask = 2147483647;
			files = (
			);
			runOnlyForDeploymentPostprocessing = 0;
		};
		DE66349C1CB21552009EE247 /* Resources */ = {
			isa = PBXResourcesBuildPhase;
			buildActionMask = 2147483647;
			files = (
			);
			runOnlyForDeploymentPostprocessing = 0;
		};
/* End PBXResourcesBuildPhase section */

/* Begin PBXSourcesBuildPhase section */
		DE66347C1CB21552009EE247 /* Sources */ = {
			isa = PBXSourcesBuildPhase;
			buildActionMask = 2147483647;
			files = (
				68A9C7CE1CB5374D00C9E8D0 /* PopoverViewController.m in Sources */,
				DE4DEDB71D289F8C005E741F /* GHDefaultInfo.m in Sources */,
				DE6634881CB21552009EE247 /* main.m in Sources */,
				DE29E4F51CB9F1C1009E63DB /* GHInputDefaultCellView.m in Sources */,
				DE6634851CB21552009EE247 /* AppDelegate.m in Sources */,
				DEA3DB701D28BF8500274CA8 /* GHInputAddDefaultCellView.m in Sources */,
				DE29E4F81CB9F81A009E63DB /* GHDefaultManager.m in Sources */,
			);
			runOnlyForDeploymentPostprocessing = 0;
		};
		DE66348F1CB21552009EE247 /* Sources */ = {
			isa = PBXSourcesBuildPhase;
			buildActionMask = 2147483647;
			files = (
			);
			runOnlyForDeploymentPostprocessing = 0;
		};
		DE66349A1CB21552009EE247 /* Sources */ = {
			isa = PBXSourcesBuildPhase;
			buildActionMask = 2147483647;
			files = (
			);
			runOnlyForDeploymentPostprocessing = 0;
		};
/* End PBXSourcesBuildPhase section */

/* Begin PBXTargetDependency section */
		DE6634951CB21552009EE247 /* PBXTargetDependency */ = {
			isa = PBXTargetDependency;
			target = DE66347F1CB21552009EE247 /* GhostSKB */;
			targetProxy = DE6634941CB21552009EE247 /* PBXContainerItemProxy */;
		};
		DE6634A01CB21552009EE247 /* PBXTargetDependency */ = {
			isa = PBXTargetDependency;
			target = DE66347F1CB21552009EE247 /* GhostSKB */;
			targetProxy = DE66349F1CB21552009EE247 /* PBXContainerItemProxy */;
		};
/* End PBXTargetDependency section */

/* Begin PBXVariantGroup section */
		DE66348B1CB21552009EE247 /* MainMenu.xib */ = {
			isa = PBXVariantGroup;
			children = (
				DE66348C1CB21552009EE247 /* Base */,
			);
			name = MainMenu.xib;
			sourceTree = "<group>";
		};
/* End PBXVariantGroup section */

/* Begin XCBuildConfiguration section */
		DE6634A51CB21552009EE247 /* Debug */ = {
			isa = XCBuildConfiguration;
			buildSettings = {
				ALWAYS_SEARCH_USER_PATHS = NO;
				CLANG_CXX_LANGUAGE_STANDARD = "gnu++0x";
				CLANG_CXX_LIBRARY = "libc++";
				CLANG_ENABLE_MODULES = YES;
				CLANG_ENABLE_OBJC_ARC = YES;
				CLANG_WARN_BOOL_CONVERSION = YES;
				CLANG_WARN_CONSTANT_CONVERSION = YES;
				CLANG_WARN_DIRECT_OBJC_ISA_USAGE = YES_ERROR;
				CLANG_WARN_EMPTY_BODY = YES;
				CLANG_WARN_ENUM_CONVERSION = YES;
				CLANG_WARN_INT_CONVERSION = YES;
				CLANG_WARN_OBJC_ROOT_CLASS = YES_ERROR;
				CLANG_WARN_UNREACHABLE_CODE = YES;
				CLANG_WARN__DUPLICATE_METHOD_MATCH = YES;
				CODE_SIGN_IDENTITY = "-";
				COPY_PHASE_STRIP = NO;
				DEBUG_INFORMATION_FORMAT = dwarf;
				ENABLE_STRICT_OBJC_MSGSEND = YES;
				ENABLE_TESTABILITY = YES;
				GCC_C_LANGUAGE_STANDARD = gnu99;
				GCC_DYNAMIC_NO_PIC = NO;
				GCC_NO_COMMON_BLOCKS = YES;
				GCC_OPTIMIZATION_LEVEL = 0;
				GCC_PREPROCESSOR_DEFINITIONS = (
					"DEBUG=1",
					"$(inherited)",
				);
				GCC_WARN_64_TO_32_BIT_CONVERSION = YES;
				GCC_WARN_ABOUT_RETURN_TYPE = YES_ERROR;
				GCC_WARN_UNDECLARED_SELECTOR = YES;
				GCC_WARN_UNINITIALIZED_AUTOS = YES_AGGRESSIVE;
				GCC_WARN_UNUSED_FUNCTION = YES;
				GCC_WARN_UNUSED_VARIABLE = YES;
				MACOSX_DEPLOYMENT_TARGET = 10.11;
				MTL_ENABLE_DEBUG_INFO = YES;
				ONLY_ACTIVE_ARCH = YES;
				SDKROOT = macosx;
			};
			name = Debug;
		};
		DE6634A61CB21552009EE247 /* Release */ = {
			isa = XCBuildConfiguration;
			buildSettings = {
				ALWAYS_SEARCH_USER_PATHS = NO;
				CLANG_CXX_LANGUAGE_STANDARD = "gnu++0x";
				CLANG_CXX_LIBRARY = "libc++";
				CLANG_ENABLE_MODULES = YES;
				CLANG_ENABLE_OBJC_ARC = YES;
				CLANG_WARN_BOOL_CONVERSION = YES;
				CLANG_WARN_CONSTANT_CONVERSION = YES;
				CLANG_WARN_DIRECT_OBJC_ISA_USAGE = YES_ERROR;
				CLANG_WARN_EMPTY_BODY = YES;
				CLANG_WARN_ENUM_CONVERSION = YES;
				CLANG_WARN_INT_CONVERSION = YES;
				CLANG_WARN_OBJC_ROOT_CLASS = YES_ERROR;
				CLANG_WARN_UNREACHABLE_CODE = YES;
				CLANG_WARN__DUPLICATE_METHOD_MATCH = YES;
				CODE_SIGN_IDENTITY = "-";
				COPY_PHASE_STRIP = NO;
				DEBUG_INFORMATION_FORMAT = "dwarf-with-dsym";
				ENABLE_NS_ASSERTIONS = NO;
				ENABLE_STRICT_OBJC_MSGSEND = YES;
				GCC_C_LANGUAGE_STANDARD = gnu99;
				GCC_NO_COMMON_BLOCKS = YES;
				GCC_WARN_64_TO_32_BIT_CONVERSION = YES;
				GCC_WARN_ABOUT_RETURN_TYPE = YES_ERROR;
				GCC_WARN_UNDECLARED_SELECTOR = YES;
				GCC_WARN_UNINITIALIZED_AUTOS = YES_AGGRESSIVE;
				GCC_WARN_UNUSED_FUNCTION = YES;
				GCC_WARN_UNUSED_VARIABLE = YES;
				MACOSX_DEPLOYMENT_TARGET = 10.11;
				MTL_ENABLE_DEBUG_INFO = NO;
				SDKROOT = macosx;
			};
			name = Release;
		};
		DE6634A81CB21552009EE247 /* Debug */ = {
			isa = XCBuildConfiguration;
			buildSettings = {
				ASSETCATALOG_COMPILER_APPICON_NAME = AppIcon;
				COMBINE_HIDPI_IMAGES = YES;
				INFOPLIST_FILE = GhostSKB/Info.plist;
				LD_RUNPATH_SEARCH_PATHS = "$(inherited) @executable_path/../Frameworks";
				PRODUCT_BUNDLE_IDENTIFIER = com.dmx.GhostSKB;
				PRODUCT_NAME = GhostSKB;
			};
			name = Debug;
		};
		DE6634A91CB21552009EE247 /* Release */ = {
			isa = XCBuildConfiguration;
			buildSettings = {
				ASSETCATALOG_COMPILER_APPICON_NAME = AppIcon;
				COMBINE_HIDPI_IMAGES = YES;
				INFOPLIST_FILE = GhostSKB/Info.plist;
				LD_RUNPATH_SEARCH_PATHS = "$(inherited) @executable_path/../Frameworks";
				PRODUCT_BUNDLE_IDENTIFIER = com.dmx.GhostSKB;
				PRODUCT_NAME = GhostSKB;
			};
			name = Release;
		};
		DE6634AB1CB21552009EE247 /* Debug */ = {
			isa = XCBuildConfiguration;
			buildSettings = {
				BUNDLE_LOADER = "$(TEST_HOST)";
				COMBINE_HIDPI_IMAGES = YES;
				INFOPLIST_FILE = GhostSKBTests/Info.plist;
				LD_RUNPATH_SEARCH_PATHS = "$(inherited) @executable_path/../Frameworks @loader_path/../Frameworks";
				PRODUCT_BUNDLE_IDENTIFIER = com.dmx.dmx.GhostSKBTests;
				PRODUCT_NAME = GhostSKB;
				TEST_HOST = "$(BUILT_PRODUCTS_DIR)/GhostSKB.app/Contents/MacOS/GhostSKB";
			};
			name = Debug;
		};
		DE6634AC1CB21552009EE247 /* Release */ = {
			isa = XCBuildConfiguration;
			buildSettings = {
				BUNDLE_LOADER = "$(TEST_HOST)";
				COMBINE_HIDPI_IMAGES = YES;
				INFOPLIST_FILE = GhostSKBTests/Info.plist;
				LD_RUNPATH_SEARCH_PATHS = "$(inherited) @executable_path/../Frameworks @loader_path/../Frameworks";
				PRODUCT_BUNDLE_IDENTIFIER = com.dmx.dmx.GhostSKBTests;
				PRODUCT_NAME = GhostSKB;
				TEST_HOST = "$(BUILT_PRODUCTS_DIR)/GhostSKB.app/Contents/MacOS/GhostSKB";
			};
			name = Release;
		};
		DE6634AE1CB21552009EE247 /* Debug */ = {
			isa = XCBuildConfiguration;
			buildSettings = {
				COMBINE_HIDPI_IMAGES = YES;
				INFOPLIST_FILE = GhostSKBUITests/Info.plist;
				LD_RUNPATH_SEARCH_PATHS = "$(inherited) @executable_path/../Frameworks @loader_path/../Frameworks";
				PRODUCT_BUNDLE_IDENTIFIER = com.dmx.dmx.GhostSKBUITests;
				PRODUCT_NAME = GhostSKB;
				TEST_TARGET_NAME = GhostSKB;
				USES_XCTRUNNER = YES;
			};
			name = Debug;
		};
		DE6634AF1CB21552009EE247 /* Release */ = {
			isa = XCBuildConfiguration;
			buildSettings = {
				COMBINE_HIDPI_IMAGES = YES;
				INFOPLIST_FILE = GhostSKBUITests/Info.plist;
				LD_RUNPATH_SEARCH_PATHS = "$(inherited) @executable_path/../Frameworks @loader_path/../Frameworks";
				PRODUCT_BUNDLE_IDENTIFIER = com.dmx.dmx.GhostSKBUITests;
				PRODUCT_NAME = GhostSKB;
				TEST_TARGET_NAME = GhostSKB;
				USES_XCTRUNNER = YES;
			};
			name = Release;
		};
/* End XCBuildConfiguration section */

/* Begin XCConfigurationList section */
		DE66347B1CB21551009EE247 /* Build configuration list for PBXProject "GhostSKB" */ = {
			isa = XCConfigurationList;
			buildConfigurations = (
				DE6634A51CB21552009EE247 /* Debug */,
				DE6634A61CB21552009EE247 /* Release */,
			);
			defaultConfigurationIsVisible = 0;
			defaultConfigurationName = Release;
		};
		DE6634A71CB21552009EE247 /* Build configuration list for PBXNativeTarget "GhostSKB" */ = {
			isa = XCConfigurationList;
			buildConfigurations = (
				DE6634A81CB21552009EE247 /* Debug */,
				DE6634A91CB21552009EE247 /* Release */,
			);
			defaultConfigurationIsVisible = 0;
			defaultConfigurationName = Release;
		};
		DE6634AA1CB21552009EE247 /* Build configuration list for PBXNativeTarget "GhostSKBTests" */ = {
			isa = XCConfigurationList;
			buildConfigurations = (
				DE6634AB1CB21552009EE247 /* Debug */,
				DE6634AC1CB21552009EE247 /* Release */,
			);
			defaultConfigurationIsVisible = 0;
			defaultConfigurationName = Release;
		};
		DE6634AD1CB21552009EE247 /* Build configuration list for PBXNativeTarget "GhostSKBUITests" */ = {
			isa = XCConfigurationList;
			buildConfigurations = (
				DE6634AE1CB21552009EE247 /* Debug */,
				DE6634AF1CB21552009EE247 /* Release */,
			);
			defaultConfigurationIsVisible = 0;
			defaultConfigurationName = Release;
		};
/* End XCConfigurationList section */
	};
	rootObject = DE6634781CB21551009EE247 /* Project object */;
}
